
Microsoft Visual Studio Solution File, Format Version 12.00
# Visual Studio 15
VisualStudioVersion = 15.0.28010.2050
MinimumVisualStudioVersion = 10.0.40219.1
Project("{FAE04EC0-301F-11D3-BF4B-00C04F79EFBC}") = "高雄榮總屏東分院-藥品補給系統", "高雄榮總屏東分院-藥品補給系統\高雄榮總屏東分院-藥品補給系統.csproj", "{3B1E6BFD-344C-4143-BB55-50A4D62EAD50}"
EndProject
Project("{54435603-DBB4-11D2-8724-00A0C9A8B90C}") = "Setup", "Setup\Setup.vdproj", "{919B8C54-8854-47DD-A107-FECCB79141E5}"
EndProject
Global
	GlobalSection(SolutionConfigurationPlatforms) = preSolution
		Debug|Any CPU = Debug|Any CPU
		Release|Any CPU = Release|Any CPU
	EndGlobalSection
	GlobalSection(ProjectConfigurationPlatforms) = postSolution
		{3B1E6BFD-344C-4143-BB55-50A4D62EAD50}.Debug|Any CPU.ActiveCfg = Debug|Any CPU
		{3B1E6BFD-344C-4143-BB55-50A4D62EAD50}.Debug|Any CPU.Build.0 = Debug|Any CPU
		{3B1E6BFD-344C-4143-BB55-50A4D62EAD50}.Release|Any CPU.ActiveCfg = Release|Any CPU
		{3B1E6BFD-344C-4143-BB55-50A4D62EAD50}.Release|Any CPU.Build.0 = Release|Any CPU
		{919B8C54-8854-47DD-A107-FECCB79141E5}.Debug|Any CPU.ActiveCfg = Debug
		{919B8C54-8854-47DD-A107-FECCB79141E5}.Release|Any CPU.ActiveCfg = Release
		{919B8C54-8854-47DD-A107-FECCB79141E5}.Release|Any CPU.Build.0 = Release
	EndGlobalSection
	GlobalSection(SolutionProperties) = preSolution
		HideSolutionNode = FALSE
	EndGlobalSection
	GlobalSection(ExtensibilityGlobals) = postSolution
		SolutionGuid = {9A1D4D59-851F-4B0B-824D-5898AC981315}
	EndGlobalSection
EndGlobal
